
Microsoft Visual Studio Solution File, Format Version 12.00
# Visual Studio Version 17
VisualStudioVersion = 17.0.31903.59
MinimumVisualStudioVersion = 10.0.40219.1
Project("{2150E333-8FDC-42A3-9474-1A3956D46DE8}") = "src", "src", "{827E0CD3-B72D-47B6-A68D-7590B98EB39B}"
EndProject
Project("{2150E333-8FDC-42A3-9474-1A3956D46DE8}") = "API", "API", "{81034408-37C8-1011-444E-4C15C2FADA8E}"
EndProject
Project("{FAE04EC0-301F-11D3-BF4B-00C04F79EFBC}") = "Enforcer.Api", "src\API\Enforcer.Api\Enforcer.Api.csproj", "{B11050D9-3F00-4C0D-B8BF-122222CBAF90}"
EndProject
Project("{2150E333-8FDC-42A3-9474-1A3956D46DE8}") = "Modules", "Modules", "{EC447DCF-ABFA-6E24-52A5-D7FD48A5C558}"
EndProject
Project("{2150E333-8FDC-42A3-9474-1A3956D46DE8}") = "ApiServices", "ApiServices", "{4349BA32-C86A-114F-64CC-3F00DF94F4BB}"
EndProject
Project("{FAE04EC0-301F-11D3-BF4B-00C04F79EFBC}") = "Enforcer.Modules.ApiServices.Application", "src\Modules\ApiServices\Enforcer.Modules.ApiServices.Application\Enforcer.Modules.ApiServices.Application.csproj", "{A12DC3A8-1539-4E39-B85D-5D7E44C570DB}"
EndProject
Project("{FAE04EC0-301F-11D3-BF4B-00C04F79EFBC}") = "Enforcer.Modules.ApiServices.Domain", "src\Modules\ApiServices\Enforcer.Modules.ApiServices.Domain\Enforcer.Modules.ApiServices.Domain.csproj", "{E04FA4F4-E316-49AF-ABF7-37BAF183E414}"
EndProject
Project("{FAE04EC0-301F-11D3-BF4B-00C04F79EFBC}") = "Enforcer.Modules.ApiServices.Infrastructure", "src\Modules\ApiServices\Enforcer.Modules.ApiServices.Infrastructure\Enforcer.Modules.ApiServices.Infrastructure.csproj", "{72153331-04C8-4240-86A9-28D80EA5EB49}"
EndProject
Project("{FAE04EC0-301F-11D3-BF4B-00C04F79EFBC}") = "Enforcer.Modules.ApiServices.Presentation", "src\Modules\ApiServices\Enforcer.Modules.ApiServices.Presentation\Enforcer.Modules.ApiServices.Presentation.csproj", "{28F585C7-A08C-4434-8A4D-744BFAE8391D}"
EndProject
Project("{2150E333-8FDC-42A3-9474-1A3956D46DE8}") = "Common", "Common", "{BFF2DF6E-AA54-47C7-211F-79ACCBB4577C}"
EndProject
Project("{FAE04EC0-301F-11D3-BF4B-00C04F79EFBC}") = "Enforcer.Common.Application", "src\Common\Enforcer.Common.Application\Enforcer.Common.Application.csproj", "{7768118F-AEB8-4EEE-B103-D5EB38FF5665}"
EndProject
Project("{FAE04EC0-301F-11D3-BF4B-00C04F79EFBC}") = "Enforcer.Common.Domain", "src\Common\Enforcer.Common.Domain\Enforcer.Common.Domain.csproj", "{822B19CB-5D70-4918-A10A-961A52779219}"
EndProject
Project("{FAE04EC0-301F-11D3-BF4B-00C04F79EFBC}") = "Enforcer.Common.Infrastructure", "src\Common\Enforcer.Common.Infrastructure\Enforcer.Common.Infrastructure.csproj", "{6B9C2FC2-8B4C-4FE1-B235-F6969A6B643F}"
EndProject
Project("{FAE04EC0-301F-11D3-BF4B-00C04F79EFBC}") = "Enforcer.Common.Presentation", "src\Common\Enforcer.Common.Presentation\Enforcer.Common.Presentation.csproj", "{75264E22-066D-4D08-B67B-F7ED4B78B649}"
EndProject
Project("{2150E333-8FDC-42A3-9474-1A3956D46DE8}") = "Gateway", "Gateway", "{EC2CCEF3-B173-0CEC-CC39-3A896BEFB0E8}"
EndProject
Project("{FAE04EC0-301F-11D3-BF4B-00C04F79EFBC}") = "Enforcer.Modules.Gateway.Core", "src\Modules\Gateway\Enforcer.Modules.Gateway.Core\Enforcer.Modules.Gateway.Core.csproj", "{514D6B5B-AC52-4D2F-A3AF-925EA2923F79}"
EndProject
Project("{FAE04EC0-301F-11D3-BF4B-00C04F79EFBC}") = "Enforcer.Modules.ApiServices.PublicApi", "src\Modules\ApiServices\Enforcer.Modules.ApiServices.PublicApi\Enforcer.Modules.ApiServices.PublicApi.csproj", "{923C430C-230C-441F-AF6D-49B711FD7239}"
EndProject
Project("{FAE04EC0-301F-11D3-BF4B-00C04F79EFBC}") = "Enforcer.Modules.ApiServices.Contracts", "src\Modules\ApiServices\Enforcer.Modules.ApiServices.Contracts\Enforcer.Modules.ApiServices.Contracts.csproj", "{B2C208A8-4A86-4A34-91CB-4AF885A6E973}"
EndProject
Project("{2150E333-8FDC-42A3-9474-1A3956D46DE8}") = "Analytics", "Analytics", "{DA0A0FAD-B77D-FDD6-35C5-001386650F99}"
EndProject
Project("{FAE04EC0-301F-11D3-BF4B-00C04F79EFBC}") = "Enforcer.Modules.Analytics.Domain", "src\Modules\Analytics\Enforcer.Modules.Analytics.Domain\Enforcer.Modules.Analytics.Domain.csproj", "{1635B16F-DB12-41DD-A2B7-CDEC2F150726}"
EndProject
Project("{FAE04EC0-301F-11D3-BF4B-00C04F79EFBC}") = "Enforcer.Modules.Analytics.Presentation", "src\Modules\Analytics\Enforcer.Modules.Analytics.Presentation\Enforcer.Modules.Analytics.Presentation.csproj", "{D5051431-6FA6-458F-A5F5-58E797A842CE}"
EndProject
Project("{FAE04EC0-301F-11D3-BF4B-00C04F79EFBC}") = "Enforcer.Modules.Analytics.Infrastructure", "src\Modules\Analytics\Enforcer.Modules.Analytics.Infrastructure\Enforcer.Modules.Analytics.Infrastructure.csproj", "{38778792-051D-46F8-BEEB-9C602C400593}"
EndProject
Project("{FAE04EC0-301F-11D3-BF4B-00C04F79EFBC}") = "Enforcer.Modules.Analytics.Contracts", "src\Modules\Analytics\Enforcer.Modules.Analytics.Contracts\Enforcer.Modules.Analytics.Contracts.csproj", "{910D2259-4D6D-4CBA-A96F-B4E75677EBB6}"
EndProject
Project("{FAE04EC0-301F-11D3-BF4B-00C04F79EFBC}") = "Enforcer.Modules.Analytics.Application", "src\Modules\Analytics\Enforcer.Modules.Analytics.Application\Enforcer.Modules.Analytics.Application.csproj", "{D5320DE8-5148-4DF3-9C88-10C4EFD8C422}"
EndProject
Project("{FAE04EC0-301F-11D3-BF4B-00C04F79EFBC}") = "Benchmarks", "Benchmarks\Benchmarks.csproj", "{10CC9E60-192A-4571-B794-52000CC2957C}"
EndProject
Project("{FAE04EC0-301F-11D3-BF4B-00C04F79EFBC}") = "Enforcer.Modules.ApiServices.IntegrationEvents", "src\Modules\ApiServices\Enforcer.Modules.ApiServices.IntegrationEvents\Enforcer.Modules.ApiServices.IntegrationEvents.csproj", "{6A54D2C5-B225-496B-A260-A35F5388F9E5}"
EndProject
Project("{FAE04EC0-301F-11D3-BF4B-00C04F79EFBC}") = "Enforcer.Modules.Gateway.IntegrationEvents", "src\Modules\Gateway\Enforcer.Modules.Gateway.IntegrationEvents\Enforcer.Modules.Gateway.IntegrationEvents.csproj", "{FA221527-F281-4204-A287-1A63E6C1EFAC}"
EndProject
Project("{2150E333-8FDC-42A3-9474-1A3956D46DE8}") = "Billings", "Billings", "{0ACAE328-FA2A-7143-F5DD-7C57AB810D86}"
EndProject
Project("{FAE04EC0-301F-11D3-BF4B-00C04F79EFBC}") = "Enforcer.Modules.Billings.Application", "src\Modules\Billings\Enforcer.Modules.Billings.Application\Enforcer.Modules.Billings.Application.csproj", "{721B4771-87A3-4414-94CE-C5D97E08C607}"
EndProject
Project("{FAE04EC0-301F-11D3-BF4B-00C04F79EFBC}") = "Enforcer.Modules.Billings.Contracts", "src\Modules\Billings\Enforcer.Modules.Billings.Contracts\Enforcer.Modules.Billings.Contracts.csproj", "{E1CC7DE1-F46A-4624-833F-216D67DCE301}"
EndProject
Project("{FAE04EC0-301F-11D3-BF4B-00C04F79EFBC}") = "Enforcer.Modules.Billings.Domain", "src\Modules\Billings\Enforcer.Modules.Billings.Domain\Enforcer.Modules.Billings.Domain.csproj", "{FB2F1F37-5777-4E85-8891-D75EBB7716D4}"
EndProject
Project("{FAE04EC0-301F-11D3-BF4B-00C04F79EFBC}") = "Enforcer.Modules.Billings.Infrastructure", "src\Modules\Billings\Enforcer.Modules.Billings.Infrastructure\Enforcer.Modules.Billings.Infrastructure.csproj", "{B524BABE-D0D3-46ED-96D7-274ABD34AD43}"
EndProject
Project("{FAE04EC0-301F-11D3-BF4B-00C04F79EFBC}") = "Enforcer.Modules.Billings.Presentation", "src\Modules\Billings\Enforcer.Modules.Billings.Presentation\Enforcer.Modules.Billings.Presentation.csproj", "{E1B9CF88-F1BC-4A5D-A943-B35D0069AAF7}"
EndProject
Global
	GlobalSection(SolutionConfigurationPlatforms) = preSolution
		Debug|Any CPU = Debug|Any CPU
		Debug|x64 = Debug|x64
		Debug|x86 = Debug|x86
		Release|Any CPU = Release|Any CPU
		Release|x64 = Release|x64
		Release|x86 = Release|x86
	EndGlobalSection
	GlobalSection(ProjectConfigurationPlatforms) = postSolution
		{B11050D9-3F00-4C0D-B8BF-122222CBAF90}.Debug|Any CPU.ActiveCfg = Debug|Any CPU
		{B11050D9-3F00-4C0D-B8BF-122222CBAF90}.Debug|Any CPU.Build.0 = Debug|Any CPU
		{B11050D9-3F00-4C0D-B8BF-122222CBAF90}.Debug|x64.ActiveCfg = Debug|Any CPU
		{B11050D9-3F00-4C0D-B8BF-122222CBAF90}.Debug|x64.Build.0 = Debug|Any CPU
		{B11050D9-3F00-4C0D-B8BF-122222CBAF90}.Debug|x86.ActiveCfg = Debug|Any CPU
		{B11050D9-3F00-4C0D-B8BF-122222CBAF90}.Debug|x86.Build.0 = Debug|Any CPU
		{B11050D9-3F00-4C0D-B8BF-122222CBAF90}.Release|Any CPU.ActiveCfg = Release|Any CPU
		{B11050D9-3F00-4C0D-B8BF-122222CBAF90}.Release|Any CPU.Build.0 = Release|Any CPU
		{B11050D9-3F00-4C0D-B8BF-122222CBAF90}.Release|x64.ActiveCfg = Release|Any CPU
		{B11050D9-3F00-4C0D-B8BF-122222CBAF90}.Release|x64.Build.0 = Release|Any CPU
		{B11050D9-3F00-4C0D-B8BF-122222CBAF90}.Release|x86.ActiveCfg = Release|Any CPU
		{B11050D9-3F00-4C0D-B8BF-122222CBAF90}.Release|x86.Build.0 = Release|Any CPU
		{A12DC3A8-1539-4E39-B85D-5D7E44C570DB}.Debug|Any CPU.ActiveCfg = Debug|Any CPU
		{A12DC3A8-1539-4E39-B85D-5D7E44C570DB}.Debug|Any CPU.Build.0 = Debug|Any CPU
		{A12DC3A8-1539-4E39-B85D-5D7E44C570DB}.Debug|x64.ActiveCfg = Debug|Any CPU
		{A12DC3A8-1539-4E39-B85D-5D7E44C570DB}.Debug|x64.Build.0 = Debug|Any CPU
		{A12DC3A8-1539-4E39-B85D-5D7E44C570DB}.Debug|x86.ActiveCfg = Debug|Any CPU
		{A12DC3A8-1539-4E39-B85D-5D7E44C570DB}.Debug|x86.Build.0 = Debug|Any CPU
		{A12DC3A8-1539-4E39-B85D-5D7E44C570DB}.Release|Any CPU.ActiveCfg = Release|Any CPU
		{A12DC3A8-1539-4E39-B85D-5D7E44C570DB}.Release|Any CPU.Build.0 = Release|Any CPU
		{A12DC3A8-1539-4E39-B85D-5D7E44C570DB}.Release|x64.ActiveCfg = Release|Any CPU
		{A12DC3A8-1539-4E39-B85D-5D7E44C570DB}.Release|x64.Build.0 = Release|Any CPU
		{A12DC3A8-1539-4E39-B85D-5D7E44C570DB}.Release|x86.ActiveCfg = Release|Any CPU
		{A12DC3A8-1539-4E39-B85D-5D7E44C570DB}.Release|x86.Build.0 = Release|Any CPU
		{E04FA4F4-E316-49AF-ABF7-37BAF183E414}.Debug|Any CPU.ActiveCfg = Debug|Any CPU
		{E04FA4F4-E316-49AF-ABF7-37BAF183E414}.Debug|Any CPU.Build.0 = Debug|Any CPU
		{E04FA4F4-E316-49AF-ABF7-37BAF183E414}.Debug|x64.ActiveCfg = Debug|Any CPU
		{E04FA4F4-E316-49AF-ABF7-37BAF183E414}.Debug|x64.Build.0 = Debug|Any CPU
		{E04FA4F4-E316-49AF-ABF7-37BAF183E414}.Debug|x86.ActiveCfg = Debug|Any CPU
		{E04FA4F4-E316-49AF-ABF7-37BAF183E414}.Debug|x86.Build.0 = Debug|Any CPU
		{E04FA4F4-E316-49AF-ABF7-37BAF183E414}.Release|Any CPU.ActiveCfg = Release|Any CPU
		{E04FA4F4-E316-49AF-ABF7-37BAF183E414}.Release|Any CPU.Build.0 = Release|Any CPU
		{E04FA4F4-E316-49AF-ABF7-37BAF183E414}.Release|x64.ActiveCfg = Release|Any CPU
		{E04FA4F4-E316-49AF-ABF7-37BAF183E414}.Release|x64.Build.0 = Release|Any CPU
		{E04FA4F4-E316-49AF-ABF7-37BAF183E414}.Release|x86.ActiveCfg = Release|Any CPU
		{E04FA4F4-E316-49AF-ABF7-37BAF183E414}.Release|x86.Build.0 = Release|Any CPU
		{72153331-04C8-4240-86A9-28D80EA5EB49}.Debug|Any CPU.ActiveCfg = Debug|Any CPU
		{72153331-04C8-4240-86A9-28D80EA5EB49}.Debug|Any CPU.Build.0 = Debug|Any CPU
		{72153331-04C8-4240-86A9-28D80EA5EB49}.Debug|x64.ActiveCfg = Debug|Any CPU
		{72153331-04C8-4240-86A9-28D80EA5EB49}.Debug|x64.Build.0 = Debug|Any CPU
		{72153331-04C8-4240-86A9-28D80EA5EB49}.Debug|x86.ActiveCfg = Debug|Any CPU
		{72153331-04C8-4240-86A9-28D80EA5EB49}.Debug|x86.Build.0 = Debug|Any CPU
		{72153331-04C8-4240-86A9-28D80EA5EB49}.Release|Any CPU.ActiveCfg = Release|Any CPU
		{72153331-04C8-4240-86A9-28D80EA5EB49}.Release|Any CPU.Build.0 = Release|Any CPU
		{72153331-04C8-4240-86A9-28D80EA5EB49}.Release|x64.ActiveCfg = Release|Any CPU
		{72153331-04C8-4240-86A9-28D80EA5EB49}.Release|x64.Build.0 = Release|Any CPU
		{72153331-04C8-4240-86A9-28D80EA5EB49}.Release|x86.ActiveCfg = Release|Any CPU
		{72153331-04C8-4240-86A9-28D80EA5EB49}.Release|x86.Build.0 = Release|Any CPU
		{28F585C7-A08C-4434-8A4D-744BFAE8391D}.Debug|Any CPU.ActiveCfg = Debug|Any CPU
		{28F585C7-A08C-4434-8A4D-744BFAE8391D}.Debug|Any CPU.Build.0 = Debug|Any CPU
		{28F585C7-A08C-4434-8A4D-744BFAE8391D}.Debug|x64.ActiveCfg = Debug|Any CPU
		{28F585C7-A08C-4434-8A4D-744BFAE8391D}.Debug|x64.Build.0 = Debug|Any CPU
		{28F585C7-A08C-4434-8A4D-744BFAE8391D}.Debug|x86.ActiveCfg = Debug|Any CPU
		{28F585C7-A08C-4434-8A4D-744BFAE8391D}.Debug|x86.Build.0 = Debug|Any CPU
		{28F585C7-A08C-4434-8A4D-744BFAE8391D}.Release|Any CPU.ActiveCfg = Release|Any CPU
		{28F585C7-A08C-4434-8A4D-744BFAE8391D}.Release|Any CPU.Build.0 = Release|Any CPU
		{28F585C7-A08C-4434-8A4D-744BFAE8391D}.Release|x64.ActiveCfg = Release|Any CPU
		{28F585C7-A08C-4434-8A4D-744BFAE8391D}.Release|x64.Build.0 = Release|Any CPU
		{28F585C7-A08C-4434-8A4D-744BFAE8391D}.Release|x86.ActiveCfg = Release|Any CPU
		{28F585C7-A08C-4434-8A4D-744BFAE8391D}.Release|x86.Build.0 = Release|Any CPU
		{7768118F-AEB8-4EEE-B103-D5EB38FF5665}.Debug|Any CPU.ActiveCfg = Debug|Any CPU
		{7768118F-AEB8-4EEE-B103-D5EB38FF5665}.Debug|Any CPU.Build.0 = Debug|Any CPU
		{7768118F-AEB8-4EEE-B103-D5EB38FF5665}.Debug|x64.ActiveCfg = Debug|Any CPU
		{7768118F-AEB8-4EEE-B103-D5EB38FF5665}.Debug|x64.Build.0 = Debug|Any CPU
		{7768118F-AEB8-4EEE-B103-D5EB38FF5665}.Debug|x86.ActiveCfg = Debug|Any CPU
		{7768118F-AEB8-4EEE-B103-D5EB38FF5665}.Debug|x86.Build.0 = Debug|Any CPU
		{7768118F-AEB8-4EEE-B103-D5EB38FF5665}.Release|Any CPU.ActiveCfg = Release|Any CPU
		{7768118F-AEB8-4EEE-B103-D5EB38FF5665}.Release|Any CPU.Build.0 = Release|Any CPU
		{7768118F-AEB8-4EEE-B103-D5EB38FF5665}.Release|x64.ActiveCfg = Release|Any CPU
		{7768118F-AEB8-4EEE-B103-D5EB38FF5665}.Release|x64.Build.0 = Release|Any CPU
		{7768118F-AEB8-4EEE-B103-D5EB38FF5665}.Release|x86.ActiveCfg = Release|Any CPU
		{7768118F-AEB8-4EEE-B103-D5EB38FF5665}.Release|x86.Build.0 = Release|Any CPU
		{822B19CB-5D70-4918-A10A-961A52779219}.Debug|Any CPU.ActiveCfg = Debug|Any CPU
		{822B19CB-5D70-4918-A10A-961A52779219}.Debug|Any CPU.Build.0 = Debug|Any CPU
		{822B19CB-5D70-4918-A10A-961A52779219}.Debug|x64.ActiveCfg = Debug|Any CPU
		{822B19CB-5D70-4918-A10A-961A52779219}.Debug|x64.Build.0 = Debug|Any CPU
		{822B19CB-5D70-4918-A10A-961A52779219}.Debug|x86.ActiveCfg = Debug|Any CPU
		{822B19CB-5D70-4918-A10A-961A52779219}.Debug|x86.Build.0 = Debug|Any CPU
		{822B19CB-5D70-4918-A10A-961A52779219}.Release|Any CPU.ActiveCfg = Release|Any CPU
		{822B19CB-5D70-4918-A10A-961A52779219}.Release|Any CPU.Build.0 = Release|Any CPU
		{822B19CB-5D70-4918-A10A-961A52779219}.Release|x64.ActiveCfg = Release|Any CPU
		{822B19CB-5D70-4918-A10A-961A52779219}.Release|x64.Build.0 = Release|Any CPU
		{822B19CB-5D70-4918-A10A-961A52779219}.Release|x86.ActiveCfg = Release|Any CPU
		{822B19CB-5D70-4918-A10A-961A52779219}.Release|x86.Build.0 = Release|Any CPU
		{6B9C2FC2-8B4C-4FE1-B235-F6969A6B643F}.Debug|Any CPU.ActiveCfg = Debug|Any CPU
		{6B9C2FC2-8B4C-4FE1-B235-F6969A6B643F}.Debug|Any CPU.Build.0 = Debug|Any CPU
		{6B9C2FC2-8B4C-4FE1-B235-F6969A6B643F}.Debug|x64.ActiveCfg = Debug|Any CPU
		{6B9C2FC2-8B4C-4FE1-B235-F6969A6B643F}.Debug|x64.Build.0 = Debug|Any CPU
		{6B9C2FC2-8B4C-4FE1-B235-F6969A6B643F}.Debug|x86.ActiveCfg = Debug|Any CPU
		{6B9C2FC2-8B4C-4FE1-B235-F6969A6B643F}.Debug|x86.Build.0 = Debug|Any CPU
		{6B9C2FC2-8B4C-4FE1-B235-F6969A6B643F}.Release|Any CPU.ActiveCfg = Release|Any CPU
		{6B9C2FC2-8B4C-4FE1-B235-F6969A6B643F}.Release|Any CPU.Build.0 = Release|Any CPU
		{6B9C2FC2-8B4C-4FE1-B235-F6969A6B643F}.Release|x64.ActiveCfg = Release|Any CPU
		{6B9C2FC2-8B4C-4FE1-B235-F6969A6B643F}.Release|x64.Build.0 = Release|Any CPU
		{6B9C2FC2-8B4C-4FE1-B235-F6969A6B643F}.Release|x86.ActiveCfg = Release|Any CPU
		{6B9C2FC2-8B4C-4FE1-B235-F6969A6B643F}.Release|x86.Build.0 = Release|Any CPU
		{75264E22-066D-4D08-B67B-F7ED4B78B649}.Debug|Any CPU.ActiveCfg = Debug|Any CPU
		{75264E22-066D-4D08-B67B-F7ED4B78B649}.Debug|Any CPU.Build.0 = Debug|Any CPU
		{75264E22-066D-4D08-B67B-F7ED4B78B649}.Debug|x64.ActiveCfg = Debug|Any CPU
		{75264E22-066D-4D08-B67B-F7ED4B78B649}.Debug|x64.Build.0 = Debug|Any CPU
		{75264E22-066D-4D08-B67B-F7ED4B78B649}.Debug|x86.ActiveCfg = Debug|Any CPU
		{75264E22-066D-4D08-B67B-F7ED4B78B649}.Debug|x86.Build.0 = Debug|Any CPU
		{75264E22-066D-4D08-B67B-F7ED4B78B649}.Release|Any CPU.ActiveCfg = Release|Any CPU
		{75264E22-066D-4D08-B67B-F7ED4B78B649}.Release|Any CPU.Build.0 = Release|Any CPU
		{75264E22-066D-4D08-B67B-F7ED4B78B649}.Release|x64.ActiveCfg = Release|Any CPU
		{75264E22-066D-4D08-B67B-F7ED4B78B649}.Release|x64.Build.0 = Release|Any CPU
		{75264E22-066D-4D08-B67B-F7ED4B78B649}.Release|x86.ActiveCfg = Release|Any CPU
		{75264E22-066D-4D08-B67B-F7ED4B78B649}.Release|x86.Build.0 = Release|Any CPU
		{514D6B5B-AC52-4D2F-A3AF-925EA2923F79}.Debug|Any CPU.ActiveCfg = Debug|Any CPU
		{514D6B5B-AC52-4D2F-A3AF-925EA2923F79}.Debug|Any CPU.Build.0 = Debug|Any CPU
		{514D6B5B-AC52-4D2F-A3AF-925EA2923F79}.Debug|x64.ActiveCfg = Debug|Any CPU
		{514D6B5B-AC52-4D2F-A3AF-925EA2923F79}.Debug|x64.Build.0 = Debug|Any CPU
		{514D6B5B-AC52-4D2F-A3AF-925EA2923F79}.Debug|x86.ActiveCfg = Debug|Any CPU
		{514D6B5B-AC52-4D2F-A3AF-925EA2923F79}.Debug|x86.Build.0 = Debug|Any CPU
		{514D6B5B-AC52-4D2F-A3AF-925EA2923F79}.Release|Any CPU.ActiveCfg = Release|Any CPU
		{514D6B5B-AC52-4D2F-A3AF-925EA2923F79}.Release|Any CPU.Build.0 = Release|Any CPU
		{514D6B5B-AC52-4D2F-A3AF-925EA2923F79}.Release|x64.ActiveCfg = Release|Any CPU
		{514D6B5B-AC52-4D2F-A3AF-925EA2923F79}.Release|x64.Build.0 = Release|Any CPU
		{514D6B5B-AC52-4D2F-A3AF-925EA2923F79}.Release|x86.ActiveCfg = Release|Any CPU
		{514D6B5B-AC52-4D2F-A3AF-925EA2923F79}.Release|x86.Build.0 = Release|Any CPU
		{923C430C-230C-441F-AF6D-49B711FD7239}.Debug|Any CPU.ActiveCfg = Debug|Any CPU
		{923C430C-230C-441F-AF6D-49B711FD7239}.Debug|Any CPU.Build.0 = Debug|Any CPU
		{923C430C-230C-441F-AF6D-49B711FD7239}.Debug|x64.ActiveCfg = Debug|Any CPU
		{923C430C-230C-441F-AF6D-49B711FD7239}.Debug|x64.Build.0 = Debug|Any CPU
		{923C430C-230C-441F-AF6D-49B711FD7239}.Debug|x86.ActiveCfg = Debug|Any CPU
		{923C430C-230C-441F-AF6D-49B711FD7239}.Debug|x86.Build.0 = Debug|Any CPU
		{923C430C-230C-441F-AF6D-49B711FD7239}.Release|Any CPU.ActiveCfg = Release|Any CPU
		{923C430C-230C-441F-AF6D-49B711FD7239}.Release|Any CPU.Build.0 = Release|Any CPU
		{923C430C-230C-441F-AF6D-49B711FD7239}.Release|x64.ActiveCfg = Release|Any CPU
		{923C430C-230C-441F-AF6D-49B711FD7239}.Release|x64.Build.0 = Release|Any CPU
		{923C430C-230C-441F-AF6D-49B711FD7239}.Release|x86.ActiveCfg = Release|Any CPU
		{923C430C-230C-441F-AF6D-49B711FD7239}.Release|x86.Build.0 = Release|Any CPU
		{B2C208A8-4A86-4A34-91CB-4AF885A6E973}.Debug|Any CPU.ActiveCfg = Debug|Any CPU
		{B2C208A8-4A86-4A34-91CB-4AF885A6E973}.Debug|Any CPU.Build.0 = Debug|Any CPU
		{B2C208A8-4A86-4A34-91CB-4AF885A6E973}.Debug|x64.ActiveCfg = Debug|Any CPU
		{B2C208A8-4A86-4A34-91CB-4AF885A6E973}.Debug|x64.Build.0 = Debug|Any CPU
		{B2C208A8-4A86-4A34-91CB-4AF885A6E973}.Debug|x86.ActiveCfg = Debug|Any CPU
		{B2C208A8-4A86-4A34-91CB-4AF885A6E973}.Debug|x86.Build.0 = Debug|Any CPU
		{B2C208A8-4A86-4A34-91CB-4AF885A6E973}.Release|Any CPU.ActiveCfg = Release|Any CPU
		{B2C208A8-4A86-4A34-91CB-4AF885A6E973}.Release|Any CPU.Build.0 = Release|Any CPU
		{B2C208A8-4A86-4A34-91CB-4AF885A6E973}.Release|x64.ActiveCfg = Release|Any CPU
		{B2C208A8-4A86-4A34-91CB-4AF885A6E973}.Release|x64.Build.0 = Release|Any CPU
		{B2C208A8-4A86-4A34-91CB-4AF885A6E973}.Release|x86.ActiveCfg = Release|Any CPU
		{B2C208A8-4A86-4A34-91CB-4AF885A6E973}.Release|x86.Build.0 = Release|Any CPU
		{1635B16F-DB12-41DD-A2B7-CDEC2F150726}.Debug|Any CPU.ActiveCfg = Debug|Any CPU
		{1635B16F-DB12-41DD-A2B7-CDEC2F150726}.Debug|Any CPU.Build.0 = Debug|Any CPU
		{1635B16F-DB12-41DD-A2B7-CDEC2F150726}.Debug|x64.ActiveCfg = Debug|Any CPU
		{1635B16F-DB12-41DD-A2B7-CDEC2F150726}.Debug|x64.Build.0 = Debug|Any CPU
		{1635B16F-DB12-41DD-A2B7-CDEC2F150726}.Debug|x86.ActiveCfg = Debug|Any CPU
		{1635B16F-DB12-41DD-A2B7-CDEC2F150726}.Debug|x86.Build.0 = Debug|Any CPU
		{1635B16F-DB12-41DD-A2B7-CDEC2F150726}.Release|Any CPU.ActiveCfg = Release|Any CPU
		{1635B16F-DB12-41DD-A2B7-CDEC2F150726}.Release|Any CPU.Build.0 = Release|Any CPU
		{1635B16F-DB12-41DD-A2B7-CDEC2F150726}.Release|x64.ActiveCfg = Release|Any CPU
		{1635B16F-DB12-41DD-A2B7-CDEC2F150726}.Release|x64.Build.0 = Release|Any CPU
		{1635B16F-DB12-41DD-A2B7-CDEC2F150726}.Release|x86.ActiveCfg = Release|Any CPU
		{1635B16F-DB12-41DD-A2B7-CDEC2F150726}.Release|x86.Build.0 = Release|Any CPU
		{D5051431-6FA6-458F-A5F5-58E797A842CE}.Debug|Any CPU.ActiveCfg = Debug|Any CPU
		{D5051431-6FA6-458F-A5F5-58E797A842CE}.Debug|Any CPU.Build.0 = Debug|Any CPU
		{D5051431-6FA6-458F-A5F5-58E797A842CE}.Debug|x64.ActiveCfg = Debug|Any CPU
		{D5051431-6FA6-458F-A5F5-58E797A842CE}.Debug|x64.Build.0 = Debug|Any CPU
		{D5051431-6FA6-458F-A5F5-58E797A842CE}.Debug|x86.ActiveCfg = Debug|Any CPU
		{D5051431-6FA6-458F-A5F5-58E797A842CE}.Debug|x86.Build.0 = Debug|Any CPU
		{D5051431-6FA6-458F-A5F5-58E797A842CE}.Release|Any CPU.ActiveCfg = Release|Any CPU
		{D5051431-6FA6-458F-A5F5-58E797A842CE}.Release|Any CPU.Build.0 = Release|Any CPU
		{D5051431-6FA6-458F-A5F5-58E797A842CE}.Release|x64.ActiveCfg = Release|Any CPU
		{D5051431-6FA6-458F-A5F5-58E797A842CE}.Release|x64.Build.0 = Release|Any CPU
		{D5051431-6FA6-458F-A5F5-58E797A842CE}.Release|x86.ActiveCfg = Release|Any CPU
		{D5051431-6FA6-458F-A5F5-58E797A842CE}.Release|x86.Build.0 = Release|Any CPU
		{38778792-051D-46F8-BEEB-9C602C400593}.Debug|Any CPU.ActiveCfg = Debug|Any CPU
		{38778792-051D-46F8-BEEB-9C602C400593}.Debug|Any CPU.Build.0 = Debug|Any CPU
		{38778792-051D-46F8-BEEB-9C602C400593}.Debug|x64.ActiveCfg = Debug|Any CPU
		{38778792-051D-46F8-BEEB-9C602C400593}.Debug|x64.Build.0 = Debug|Any CPU
		{38778792-051D-46F8-BEEB-9C602C400593}.Debug|x86.ActiveCfg = Debug|Any CPU
		{38778792-051D-46F8-BEEB-9C602C400593}.Debug|x86.Build.0 = Debug|Any CPU
		{38778792-051D-46F8-BEEB-9C602C400593}.Release|Any CPU.ActiveCfg = Release|Any CPU
		{38778792-051D-46F8-BEEB-9C602C400593}.Release|Any CPU.Build.0 = Release|Any CPU
		{38778792-051D-46F8-BEEB-9C602C400593}.Release|x64.ActiveCfg = Release|Any CPU
		{38778792-051D-46F8-BEEB-9C602C400593}.Release|x64.Build.0 = Release|Any CPU
		{38778792-051D-46F8-BEEB-9C602C400593}.Release|x86.ActiveCfg = Release|Any CPU
		{38778792-051D-46F8-BEEB-9C602C400593}.Release|x86.Build.0 = Release|Any CPU
		{910D2259-4D6D-4CBA-A96F-B4E75677EBB6}.Debug|Any CPU.ActiveCfg = Debug|Any CPU
		{910D2259-4D6D-4CBA-A96F-B4E75677EBB6}.Debug|Any CPU.Build.0 = Debug|Any CPU
		{910D2259-4D6D-4CBA-A96F-B4E75677EBB6}.Debug|x64.ActiveCfg = Debug|Any CPU
		{910D2259-4D6D-4CBA-A96F-B4E75677EBB6}.Debug|x64.Build.0 = Debug|Any CPU
		{910D2259-4D6D-4CBA-A96F-B4E75677EBB6}.Debug|x86.ActiveCfg = Debug|Any CPU
		{910D2259-4D6D-4CBA-A96F-B4E75677EBB6}.Debug|x86.Build.0 = Debug|Any CPU
		{910D2259-4D6D-4CBA-A96F-B4E75677EBB6}.Release|Any CPU.ActiveCfg = Release|Any CPU
		{910D2259-4D6D-4CBA-A96F-B4E75677EBB6}.Release|Any CPU.Build.0 = Release|Any CPU
		{910D2259-4D6D-4CBA-A96F-B4E75677EBB6}.Release|x64.ActiveCfg = Release|Any CPU
		{910D2259-4D6D-4CBA-A96F-B4E75677EBB6}.Release|x64.Build.0 = Release|Any CPU
		{910D2259-4D6D-4CBA-A96F-B4E75677EBB6}.Release|x86.ActiveCfg = Release|Any CPU
		{910D2259-4D6D-4CBA-A96F-B4E75677EBB6}.Release|x86.Build.0 = Release|Any CPU
		{D5320DE8-5148-4DF3-9C88-10C4EFD8C422}.Debug|Any CPU.ActiveCfg = Debug|Any CPU
		{D5320DE8-5148-4DF3-9C88-10C4EFD8C422}.Debug|Any CPU.Build.0 = Debug|Any CPU
		{D5320DE8-5148-4DF3-9C88-10C4EFD8C422}.Debug|x64.ActiveCfg = Debug|Any CPU
		{D5320DE8-5148-4DF3-9C88-10C4EFD8C422}.Debug|x64.Build.0 = Debug|Any CPU
		{D5320DE8-5148-4DF3-9C88-10C4EFD8C422}.Debug|x86.ActiveCfg = Debug|Any CPU
		{D5320DE8-5148-4DF3-9C88-10C4EFD8C422}.Debug|x86.Build.0 = Debug|Any CPU
		{D5320DE8-5148-4DF3-9C88-10C4EFD8C422}.Release|Any CPU.ActiveCfg = Release|Any CPU
		{D5320DE8-5148-4DF3-9C88-10C4EFD8C422}.Release|Any CPU.Build.0 = Release|Any CPU
		{D5320DE8-5148-4DF3-9C88-10C4EFD8C422}.Release|x64.ActiveCfg = Release|Any CPU
		{D5320DE8-5148-4DF3-9C88-10C4EFD8C422}.Release|x64.Build.0 = Release|Any CPU
		{D5320DE8-5148-4DF3-9C88-10C4EFD8C422}.Release|x86.ActiveCfg = Release|Any CPU
		{D5320DE8-5148-4DF3-9C88-10C4EFD8C422}.Release|x86.Build.0 = Release|Any CPU
		{10CC9E60-192A-4571-B794-52000CC2957C}.Debug|Any CPU.ActiveCfg = Debug|Any CPU
		{10CC9E60-192A-4571-B794-52000CC2957C}.Debug|Any CPU.Build.0 = Debug|Any CPU
		{10CC9E60-192A-4571-B794-52000CC2957C}.Debug|x64.ActiveCfg = Debug|Any CPU
		{10CC9E60-192A-4571-B794-52000CC2957C}.Debug|x64.Build.0 = Debug|Any CPU
		{10CC9E60-192A-4571-B794-52000CC2957C}.Debug|x86.ActiveCfg = Debug|Any CPU
		{10CC9E60-192A-4571-B794-52000CC2957C}.Debug|x86.Build.0 = Debug|Any CPU
		{10CC9E60-192A-4571-B794-52000CC2957C}.Release|Any CPU.ActiveCfg = Release|Any CPU
		{10CC9E60-192A-4571-B794-52000CC2957C}.Release|Any CPU.Build.0 = Release|Any CPU
		{10CC9E60-192A-4571-B794-52000CC2957C}.Release|x64.ActiveCfg = Release|Any CPU
		{10CC9E60-192A-4571-B794-52000CC2957C}.Release|x64.Build.0 = Release|Any CPU
		{10CC9E60-192A-4571-B794-52000CC2957C}.Release|x86.ActiveCfg = Release|Any CPU
		{10CC9E60-192A-4571-B794-52000CC2957C}.Release|x86.Build.0 = Release|Any CPU
		{6A54D2C5-B225-496B-A260-A35F5388F9E5}.Debug|Any CPU.ActiveCfg = Debug|Any CPU
		{6A54D2C5-B225-496B-A260-A35F5388F9E5}.Debug|Any CPU.Build.0 = Debug|Any CPU
		{6A54D2C5-B225-496B-A260-A35F5388F9E5}.Debug|x64.ActiveCfg = Debug|Any CPU
		{6A54D2C5-B225-496B-A260-A35F5388F9E5}.Debug|x64.Build.0 = Debug|Any CPU
		{6A54D2C5-B225-496B-A260-A35F5388F9E5}.Debug|x86.ActiveCfg = Debug|Any CPU
		{6A54D2C5-B225-496B-A260-A35F5388F9E5}.Debug|x86.Build.0 = Debug|Any CPU
		{6A54D2C5-B225-496B-A260-A35F5388F9E5}.Release|Any CPU.ActiveCfg = Release|Any CPU
		{6A54D2C5-B225-496B-A260-A35F5388F9E5}.Release|Any CPU.Build.0 = Release|Any CPU
		{6A54D2C5-B225-496B-A260-A35F5388F9E5}.Release|x64.ActiveCfg = Release|Any CPU
		{6A54D2C5-B225-496B-A260-A35F5388F9E5}.Release|x64.Build.0 = Release|Any CPU
		{6A54D2C5-B225-496B-A260-A35F5388F9E5}.Release|x86.ActiveCfg = Release|Any CPU
		{6A54D2C5-B225-496B-A260-A35F5388F9E5}.Release|x86.Build.0 = Release|Any CPU
		{FA221527-F281-4204-A287-1A63E6C1EFAC}.Debug|Any CPU.ActiveCfg = Debug|Any CPU
		{FA221527-F281-4204-A287-1A63E6C1EFAC}.Debug|Any CPU.Build.0 = Debug|Any CPU
		{FA221527-F281-4204-A287-1A63E6C1EFAC}.Debug|x64.ActiveCfg = Debug|Any CPU
		{FA221527-F281-4204-A287-1A63E6C1EFAC}.Debug|x64.Build.0 = Debug|Any CPU
		{FA221527-F281-4204-A287-1A63E6C1EFAC}.Debug|x86.ActiveCfg = Debug|Any CPU
		{FA221527-F281-4204-A287-1A63E6C1EFAC}.Debug|x86.Build.0 = Debug|Any CPU
		{FA221527-F281-4204-A287-1A63E6C1EFAC}.Release|Any CPU.ActiveCfg = Release|Any CPU
		{FA221527-F281-4204-A287-1A63E6C1EFAC}.Release|Any CPU.Build.0 = Release|Any CPU
		{FA221527-F281-4204-A287-1A63E6C1EFAC}.Release|x64.ActiveCfg = Release|Any CPU
		{FA221527-F281-4204-A287-1A63E6C1EFAC}.Release|x64.Build.0 = Release|Any CPU
		{FA221527-F281-4204-A287-1A63E6C1EFAC}.Release|x86.ActiveCfg = Release|Any CPU
		{FA221527-F281-4204-A287-1A63E6C1EFAC}.Release|x86.Build.0 = Release|Any CPU
		{721B4771-87A3-4414-94CE-C5D97E08C607}.Debug|Any CPU.ActiveCfg = Debug|Any CPU
		{721B4771-87A3-4414-94CE-C5D97E08C607}.Debug|Any CPU.Build.0 = Debug|Any CPU
		{721B4771-87A3-4414-94CE-C5D97E08C607}.Debug|x64.ActiveCfg = Debug|Any CPU
		{721B4771-87A3-4414-94CE-C5D97E08C607}.Debug|x64.Build.0 = Debug|Any CPU
		{721B4771-87A3-4414-94CE-C5D97E08C607}.Debug|x86.ActiveCfg = Debug|Any CPU
		{721B4771-87A3-4414-94CE-C5D97E08C607}.Debug|x86.Build.0 = Debug|Any CPU
		{721B4771-87A3-4414-94CE-C5D97E08C607}.Release|Any CPU.ActiveCfg = Release|Any CPU
		{721B4771-87A3-4414-94CE-C5D97E08C607}.Release|Any CPU.Build.0 = Release|Any CPU
		{721B4771-87A3-4414-94CE-C5D97E08C607}.Release|x64.ActiveCfg = Release|Any CPU
		{721B4771-87A3-4414-94CE-C5D97E08C607}.Release|x64.Build.0 = Release|Any CPU
		{721B4771-87A3-4414-94CE-C5D97E08C607}.Release|x86.ActiveCfg = Release|Any CPU
		{721B4771-87A3-4414-94CE-C5D97E08C607}.Release|x86.Build.0 = Release|Any CPU
		{E1CC7DE1-F46A-4624-833F-216D67DCE301}.Debug|Any CPU.ActiveCfg = Debug|Any CPU
		{E1CC7DE1-F46A-4624-833F-216D67DCE301}.Debug|Any CPU.Build.0 = Debug|Any CPU
		{E1CC7DE1-F46A-4624-833F-216D67DCE301}.Debug|x64.ActiveCfg = Debug|Any CPU
		{E1CC7DE1-F46A-4624-833F-216D67DCE301}.Debug|x64.Build.0 = Debug|Any CPU
		{E1CC7DE1-F46A-4624-833F-216D67DCE301}.Debug|x86.ActiveCfg = Debug|Any CPU
		{E1CC7DE1-F46A-4624-833F-216D67DCE301}.Debug|x86.Build.0 = Debug|Any CPU
		{E1CC7DE1-F46A-4624-833F-216D67DCE301}.Release|Any CPU.ActiveCfg = Release|Any CPU
		{E1CC7DE1-F46A-4624-833F-216D67DCE301}.Release|Any CPU.Build.0 = Release|Any CPU
		{E1CC7DE1-F46A-4624-833F-216D67DCE301}.Release|x64.ActiveCfg = Release|Any CPU
		{E1CC7DE1-F46A-4624-833F-216D67DCE301}.Release|x64.Build.0 = Release|Any CPU
		{E1CC7DE1-F46A-4624-833F-216D67DCE301}.Release|x86.ActiveCfg = Release|Any CPU
		{E1CC7DE1-F46A-4624-833F-216D67DCE301}.Release|x86.Build.0 = Release|Any CPU
		{FB2F1F37-5777-4E85-8891-D75EBB7716D4}.Debug|Any CPU.ActiveCfg = Debug|Any CPU
		{FB2F1F37-5777-4E85-8891-D75EBB7716D4}.Debug|Any CPU.Build.0 = Debug|Any CPU
		{FB2F1F37-5777-4E85-8891-D75EBB7716D4}.Debug|x64.ActiveCfg = Debug|Any CPU
		{FB2F1F37-5777-4E85-8891-D75EBB7716D4}.Debug|x64.Build.0 = Debug|Any CPU
		{FB2F1F37-5777-4E85-8891-D75EBB7716D4}.Debug|x86.ActiveCfg = Debug|Any CPU
		{FB2F1F37-5777-4E85-8891-D75EBB7716D4}.Debug|x86.Build.0 = Debug|Any CPU
		{FB2F1F37-5777-4E85-8891-D75EBB7716D4}.Release|Any CPU.ActiveCfg = Release|Any CPU
		{FB2F1F37-5777-4E85-8891-D75EBB7716D4}.Release|Any CPU.Build.0 = Release|Any CPU
		{FB2F1F37-5777-4E85-8891-D75EBB7716D4}.Release|x64.ActiveCfg = Release|Any CPU
		{FB2F1F37-5777-4E85-8891-D75EBB7716D4}.Release|x64.Build.0 = Release|Any CPU
		{FB2F1F37-5777-4E85-8891-D75EBB7716D4}.Release|x86.ActiveCfg = Release|Any CPU
		{FB2F1F37-5777-4E85-8891-D75EBB7716D4}.Release|x86.Build.0 = Release|Any CPU
		{B524BABE-D0D3-46ED-96D7-274ABD34AD43}.Debug|Any CPU.ActiveCfg = Debug|Any CPU
		{B524BABE-D0D3-46ED-96D7-274ABD34AD43}.Debug|Any CPU.Build.0 = Debug|Any CPU
		{B524BABE-D0D3-46ED-96D7-274ABD34AD43}.Debug|x64.ActiveCfg = Debug|Any CPU
		{B524BABE-D0D3-46ED-96D7-274ABD34AD43}.Debug|x64.Build.0 = Debug|Any CPU
		{B524BABE-D0D3-46ED-96D7-274ABD34AD43}.Debug|x86.ActiveCfg = Debug|Any CPU
		{B524BABE-D0D3-46ED-96D7-274ABD34AD43}.Debug|x86.Build.0 = Debug|Any CPU
		{B524BABE-D0D3-46ED-96D7-274ABD34AD43}.Release|Any CPU.ActiveCfg = Release|Any CPU
		{B524BABE-D0D3-46ED-96D7-274ABD34AD43}.Release|Any CPU.Build.0 = Release|Any CPU
		{B524BABE-D0D3-46ED-96D7-274ABD34AD43}.Release|x64.ActiveCfg = Release|Any CPU
		{B524BABE-D0D3-46ED-96D7-274ABD34AD43}.Release|x64.Build.0 = Release|Any CPU
		{B524BABE-D0D3-46ED-96D7-274ABD34AD43}.Release|x86.ActiveCfg = Release|Any CPU
		{B524BABE-D0D3-46ED-96D7-274ABD34AD43}.Release|x86.Build.0 = Release|Any CPU
		{E1B9CF88-F1BC-4A5D-A943-B35D0069AAF7}.Debug|Any CPU.ActiveCfg = Debug|Any CPU
		{E1B9CF88-F1BC-4A5D-A943-B35D0069AAF7}.Debug|Any CPU.Build.0 = Debug|Any CPU
		{E1B9CF88-F1BC-4A5D-A943-B35D0069AAF7}.Debug|x64.ActiveCfg = Debug|Any CPU
		{E1B9CF88-F1BC-4A5D-A943-B35D0069AAF7}.Debug|x64.Build.0 = Debug|Any CPU
		{E1B9CF88-F1BC-4A5D-A943-B35D0069AAF7}.Debug|x86.ActiveCfg = Debug|Any CPU
		{E1B9CF88-F1BC-4A5D-A943-B35D0069AAF7}.Debug|x86.Build.0 = Debug|Any CPU
		{E1B9CF88-F1BC-4A5D-A943-B35D0069AAF7}.Release|Any CPU.ActiveCfg = Release|Any CPU
		{E1B9CF88-F1BC-4A5D-A943-B35D0069AAF7}.Release|Any CPU.Build.0 = Release|Any CPU
		{E1B9CF88-F1BC-4A5D-A943-B35D0069AAF7}.Release|x64.ActiveCfg = Release|Any CPU
		{E1B9CF88-F1BC-4A5D-A943-B35D0069AAF7}.Release|x64.Build.0 = Release|Any CPU
		{E1B9CF88-F1BC-4A5D-A943-B35D0069AAF7}.Release|x86.ActiveCfg = Release|Any CPU
		{E1B9CF88-F1BC-4A5D-A943-B35D0069AAF7}.Release|x86.Build.0 = Release|Any CPU
	EndGlobalSection
	GlobalSection(SolutionProperties) = preSolution
		HideSolutionNode = FALSE
	EndGlobalSection
	GlobalSection(NestedProjects) = preSolution
		{81034408-37C8-1011-444E-4C15C2FADA8E} = {827E0CD3-B72D-47B6-A68D-7590B98EB39B}
		{B11050D9-3F00-4C0D-B8BF-122222CBAF90} = {81034408-37C8-1011-444E-4C15C2FADA8E}
		{EC447DCF-ABFA-6E24-52A5-D7FD48A5C558} = {827E0CD3-B72D-47B6-A68D-7590B98EB39B}
		{4349BA32-C86A-114F-64CC-3F00DF94F4BB} = {EC447DCF-ABFA-6E24-52A5-D7FD48A5C558}
		{A12DC3A8-1539-4E39-B85D-5D7E44C570DB} = {4349BA32-C86A-114F-64CC-3F00DF94F4BB}
		{E04FA4F4-E316-49AF-ABF7-37BAF183E414} = {4349BA32-C86A-114F-64CC-3F00DF94F4BB}
		{72153331-04C8-4240-86A9-28D80EA5EB49} = {4349BA32-C86A-114F-64CC-3F00DF94F4BB}
		{28F585C7-A08C-4434-8A4D-744BFAE8391D} = {4349BA32-C86A-114F-64CC-3F00DF94F4BB}
		{BFF2DF6E-AA54-47C7-211F-79ACCBB4577C} = {827E0CD3-B72D-47B6-A68D-7590B98EB39B}
		{7768118F-AEB8-4EEE-B103-D5EB38FF5665} = {BFF2DF6E-AA54-47C7-211F-79ACCBB4577C}
		{822B19CB-5D70-4918-A10A-961A52779219} = {BFF2DF6E-AA54-47C7-211F-79ACCBB4577C}
		{6B9C2FC2-8B4C-4FE1-B235-F6969A6B643F} = {BFF2DF6E-AA54-47C7-211F-79ACCBB4577C}
		{75264E22-066D-4D08-B67B-F7ED4B78B649} = {BFF2DF6E-AA54-47C7-211F-79ACCBB4577C}
		{EC2CCEF3-B173-0CEC-CC39-3A896BEFB0E8} = {EC447DCF-ABFA-6E24-52A5-D7FD48A5C558}
		{514D6B5B-AC52-4D2F-A3AF-925EA2923F79} = {EC2CCEF3-B173-0CEC-CC39-3A896BEFB0E8}
		{923C430C-230C-441F-AF6D-49B711FD7239} = {4349BA32-C86A-114F-64CC-3F00DF94F4BB}
		{B2C208A8-4A86-4A34-91CB-4AF885A6E973} = {4349BA32-C86A-114F-64CC-3F00DF94F4BB}
		{6A54D2C5-B225-496B-A260-A35F5388F9E5} = {4349BA32-C86A-114F-64CC-3F00DF94F4BB}
		{FA221527-F281-4204-A287-1A63E6C1EFAC} = {EC2CCEF3-B173-0CEC-CC39-3A896BEFB0E8}
		{0ACAE328-FA2A-7143-F5DD-7C57AB810D86} = {EC447DCF-ABFA-6E24-52A5-D7FD48A5C558}
		{721B4771-87A3-4414-94CE-C5D97E08C607} = {0ACAE328-FA2A-7143-F5DD-7C57AB810D86}
		{E1CC7DE1-F46A-4624-833F-216D67DCE301} = {0ACAE328-FA2A-7143-F5DD-7C57AB810D86}
		{FB2F1F37-5777-4E85-8891-D75EBB7716D4} = {0ACAE328-FA2A-7143-F5DD-7C57AB810D86}
		{B524BABE-D0D3-46ED-96D7-274ABD34AD43} = {0ACAE328-FA2A-7143-F5DD-7C57AB810D86}
		{E1B9CF88-F1BC-4A5D-A943-B35D0069AAF7} = {0ACAE328-FA2A-7143-F5DD-7C57AB810D86}
	EndGlobalSection
EndGlobal
